
Microsoft Visual Studio Solution File, Format Version 12.00
# Visual Studio Version 16
VisualStudioVersion = 16.0.30011.22
MinimumVisualStudioVersion = 10.0.40219.1
Project("{FAE04EC0-301F-11D3-BF4B-00C04F79EFBC}") = "AirMonitor.Android", "AirMonitor\AirMonitor.Android\AirMonitor.Android.csproj", "{3CA373C0-0012-40EE-914C-6308E9676643}"
EndProject
Project("{FAE04EC0-301F-11D3-BF4B-00C04F79EFBC}") = "AirMonitor", "AirMonitor\AirMonitor\AirMonitor.csproj", "{A86E4F68-D481-4BC1-BEC1-0FCD51B80FDB}"
EndProject
Global
	GlobalSection(SolutionConfigurationPlatforms) = preSolution
		Debug|Any CPU = Debug|Any CPU
		Release|Any CPU = Release|Any CPU
	EndGlobalSection
	GlobalSection(ProjectConfigurationPlatforms) = postSolution
		{3CA373C0-0012-40EE-914C-6308E9676643}.Debug|Any CPU.ActiveCfg = Debug|Any CPU
		{3CA373C0-0012-40EE-914C-6308E9676643}.Debug|Any CPU.Build.0 = Debug|Any CPU
		{3CA373C0-0012-40EE-914C-6308E9676643}.Debug|Any CPU.Deploy.0 = Debug|Any CPU
		{3CA373C0-0012-40EE-914C-6308E9676643}.Release|Any CPU.ActiveCfg = Release|Any CPU
		{3CA373C0-0012-40EE-914C-6308E9676643}.Release|Any CPU.Build.0 = Release|Any CPU
		{3CA373C0-0012-40EE-914C-6308E9676643}.Release|Any CPU.Deploy.0 = Release|Any CPU
		{A86E4F68-D481-4BC1-BEC1-0FCD51B80FDB}.Debug|Any CPU.ActiveCfg = Debug|Any CPU
		{A86E4F68-D481-4BC1-BEC1-0FCD51B80FDB}.Debug|Any CPU.Build.0 = Debug|Any CPU
		{A86E4F68-D481-4BC1-BEC1-0FCD51B80FDB}.Debug|Any CPU.Deploy.0 = Debug|Any CPU
		{A86E4F68-D481-4BC1-BEC1-0FCD51B80FDB}.Release|Any CPU.ActiveCfg = Release|Any CPU
		{A86E4F68-D481-4BC1-BEC1-0FCD51B80FDB}.Release|Any CPU.Build.0 = Release|Any CPU
		{A86E4F68-D481-4BC1-BEC1-0FCD51B80FDB}.Release|Any CPU.Deploy.0 = Release|Any CPU
	EndGlobalSection
	GlobalSection(SolutionProperties) = preSolution
		HideSolutionNode = FALSE
	EndGlobalSection
	GlobalSection(ExtensibilityGlobals) = postSolution
		SolutionGuid = {625D67C7-56EA-4A9D-B23A-32D2095A8A38}
	EndGlobalSection
EndGlobal
